
Microsoft Visual Studio Solution File, Format Version 12.00
# Visual Studio 15
Project("{FAE04EC0-301F-11D3-BF4B-00C04F79EFBC}") = "Wave.Essence.Controller.Model", "Wave.Essence.Controller.Model.csproj", "{F8E9D5DB-0D67-0676-00CD-B412D9F3459C}"
EndProject
Project("{FAE04EC0-301F-11D3-BF4B-00C04F79EFBC}") = "Assembly-CSharp", "Assembly-CSharp.csproj", "{18C2EDA2-EC73-D107-DD5D-4E304E5F9AD2}"
EndProject
Project("{FAE04EC0-301F-11D3-BF4B-00C04F79EFBC}") = "Wave.Essence.Interaction.Mode", "Wave.Essence.Interaction.Mode.csproj", "{7E6236A4-B183-69CE-1DBB-B20987827A88}"
EndProject
Project("{FAE04EC0-301F-11D3-BF4B-00C04F79EFBC}") = "Wave.Essence.InputModule", "Wave.Essence.InputModule.csproj", "{F0C3B6EC-4DBE-7D1E-1D01-AEEE534CC379}"
EndProject
Project("{FAE04EC0-301F-11D3-BF4B-00C04F79EFBC}") = "Wave.Essence.Hand.Model", "Wave.Essence.Hand.Model.csproj", "{54F38C1C-7C50-9827-7446-223EF7D99081}"
EndProject
Global
	GlobalSection(SolutionConfigurationPlatforms) = preSolution
		Debug|Any CPU = Debug|Any CPU
		Release|Any CPU = Release|Any CPU
	EndGlobalSection
	GlobalSection(ProjectConfigurationPlatforms) = postSolution
		{F8E9D5DB-0D67-0676-00CD-B412D9F3459C}.Debug|Any CPU.ActiveCfg = Debug|Any CPU
		{F8E9D5DB-0D67-0676-00CD-B412D9F3459C}.Debug|Any CPU.Build.0 = Debug|Any CPU
		{F8E9D5DB-0D67-0676-00CD-B412D9F3459C}.Release|Any CPU.ActiveCfg = Release|Any CPU
		{F8E9D5DB-0D67-0676-00CD-B412D9F3459C}.Release|Any CPU.Build.0 = Release|Any CPU
		{18C2EDA2-EC73-D107-DD5D-4E304E5F9AD2}.Debug|Any CPU.ActiveCfg = Debug|Any CPU
		{18C2EDA2-EC73-D107-DD5D-4E304E5F9AD2}.Debug|Any CPU.Build.0 = Debug|Any CPU
		{18C2EDA2-EC73-D107-DD5D-4E304E5F9AD2}.Release|Any CPU.ActiveCfg = Release|Any CPU
		{18C2EDA2-EC73-D107-DD5D-4E304E5F9AD2}.Release|Any CPU.Build.0 = Release|Any CPU
		{7E6236A4-B183-69CE-1DBB-B20987827A88}.Debug|Any CPU.ActiveCfg = Debug|Any CPU
		{7E6236A4-B183-69CE-1DBB-B20987827A88}.Debug|Any CPU.Build.0 = Debug|Any CPU
		{7E6236A4-B183-69CE-1DBB-B20987827A88}.Release|Any CPU.ActiveCfg = Release|Any CPU
		{7E6236A4-B183-69CE-1DBB-B20987827A88}.Release|Any CPU.Build.0 = Release|Any CPU
		{F0C3B6EC-4DBE-7D1E-1D01-AEEE534CC379}.Debug|Any CPU.ActiveCfg = Debug|Any CPU
		{F0C3B6EC-4DBE-7D1E-1D01-AEEE534CC379}.Debug|Any CPU.Build.0 = Debug|Any CPU
		{F0C3B6EC-4DBE-7D1E-1D01-AEEE534CC379}.Release|Any CPU.ActiveCfg = Release|Any CPU
		{F0C3B6EC-4DBE-7D1E-1D01-AEEE534CC379}.Release|Any CPU.Build.0 = Release|Any CPU
		{54F38C1C-7C50-9827-7446-223EF7D99081}.Debug|Any CPU.ActiveCfg = Debug|Any CPU
		{54F38C1C-7C50-9827-7446-223EF7D99081}.Debug|Any CPU.Build.0 = Debug|Any CPU
		{54F38C1C-7C50-9827-7446-223EF7D99081}.Release|Any CPU.ActiveCfg = Release|Any CPU
		{54F38C1C-7C50-9827-7446-223EF7D99081}.Release|Any CPU.Build.0 = Release|Any CPU
	EndGlobalSection
	GlobalSection(SolutionProperties) = preSolution
		HideSolutionNode = FALSE
	EndGlobalSection
EndGlobal
